
Microsoft Visual Studio Solution File, Format Version 12.00
# Visual Studio 14
VisualStudioVersion = 14.0.25420.1
MinimumVisualStudioVersion = 10.0.40219.1
Project("{FAE04EC0-301F-11D3-BF4B-00C04F79EFBC}") = "SimpleApp", "SimpleApp\SimpleApp.csproj", "{E6552B58-F218-4297-AC32-930DB2862730}"
EndProject
Project("{FAE04EC0-301F-11D3-BF4B-00C04F79EFBC}") = "MVC-test1", "MVC-test1\MVC-test1.csproj", "{D42A17E3-0C99-4AAE-A28B-3471E43E0E0C}"
EndProject
Project("{FAE04EC0-301F-11D3-BF4B-00C04F79EFBC}") = "mvc-Areas-test", "Standart-test\mvc-Areas-test.csproj", "{F66B67A0-94D7-4618-A228-AF2BA820F6F1}"
EndProject
Project("{2150E333-8FDC-42A3-9474-1A3956D46DE8}") = "PublishScripts", "PublishScripts", "{365E0B42-8039-4FC0-9027-2E7D076E6BBB}"
	ProjectSection(SolutionItems) = preProject
		PublishScripts\AzureVMPublishModule.psm1 = PublishScripts\AzureVMPublishModule.psm1
		PublishScripts\Publish-WebApplicationVM.ps1 = PublishScripts\Publish-WebApplicationVM.ps1
	EndProjectSection
EndProject
Project("{2150E333-8FDC-42A3-9474-1A3956D46DE8}") = "Configurations", "Configurations", "{01474A5F-76D5-46F2-8C57-D4B538BD1EF6}"
	ProjectSection(SolutionItems) = preProject
		PublishScripts\Configurations\SecurityApp-VM-dev.json = PublishScripts\Configurations\SecurityApp-VM-dev.json
	EndProjectSection
EndProject
Project("{FAE04EC0-301F-11D3-BF4B-00C04F79EFBC}") = "Mvc-Area-tut-1", "Mvc-Area-tut-1\Mvc-Area-tut-1.csproj", "{DD791D9A-D7E5-46A7-B6DF-40E0B6C33226}"
EndProject
Project("{FAE04EC0-301F-11D3-BF4B-00C04F79EFBC}") = "MvcLoginLogout", "MvcLoginLogout\MvcLoginLogout.csproj", "{26A3E172-0908-41F6-BC6A-1DB0E840BFE0}"
EndProject
Project("{FAE04EC0-301F-11D3-BF4B-00C04F79EFBC}") = "MVC-Lab1-3", "MVC-Lab1-3\MVC-Lab1-3.csproj", "{AED313CD-68D9-449A-B68E-C1BBBC9F9959}"
EndProject
Project("{FAE04EC0-301F-11D3-BF4B-00C04F79EFBC}") = "MVC-lab1-4", "MVC-lab1-4\MVC-lab1-4.csproj", "{147C220F-6DA9-4E35-8944-364A9B5D99C4}"
EndProject
Project("{FAE04EC0-301F-11D3-BF4B-00C04F79EFBC}") = "Mvc_entity1", "Mvc_entity1\Mvc_entity1.csproj", "{0A09FFA1-DE14-4BF6-953D-FF9E50E87F27}"
EndProject
Global
	GlobalSection(SolutionConfigurationPlatforms) = preSolution
		Debug|Any CPU = Debug|Any CPU
		Release|Any CPU = Release|Any CPU
	EndGlobalSection
	GlobalSection(ProjectConfigurationPlatforms) = postSolution
		{E6552B58-F218-4297-AC32-930DB2862730}.Debug|Any CPU.ActiveCfg = Debug|Any CPU
		{E6552B58-F218-4297-AC32-930DB2862730}.Debug|Any CPU.Build.0 = Debug|Any CPU
		{E6552B58-F218-4297-AC32-930DB2862730}.Release|Any CPU.ActiveCfg = Release|Any CPU
		{E6552B58-F218-4297-AC32-930DB2862730}.Release|Any CPU.Build.0 = Release|Any CPU
		{D42A17E3-0C99-4AAE-A28B-3471E43E0E0C}.Debug|Any CPU.ActiveCfg = Debug|Any CPU
		{D42A17E3-0C99-4AAE-A28B-3471E43E0E0C}.Debug|Any CPU.Build.0 = Debug|Any CPU
		{D42A17E3-0C99-4AAE-A28B-3471E43E0E0C}.Release|Any CPU.ActiveCfg = Release|Any CPU
		{D42A17E3-0C99-4AAE-A28B-3471E43E0E0C}.Release|Any CPU.Build.0 = Release|Any CPU
		{F66B67A0-94D7-4618-A228-AF2BA820F6F1}.Debug|Any CPU.ActiveCfg = Debug|Any CPU
		{F66B67A0-94D7-4618-A228-AF2BA820F6F1}.Debug|Any CPU.Build.0 = Debug|Any CPU
		{F66B67A0-94D7-4618-A228-AF2BA820F6F1}.Release|Any CPU.ActiveCfg = Release|Any CPU
		{F66B67A0-94D7-4618-A228-AF2BA820F6F1}.Release|Any CPU.Build.0 = Release|Any CPU
		{DD791D9A-D7E5-46A7-B6DF-40E0B6C33226}.Debug|Any CPU.ActiveCfg = Debug|Any CPU
		{DD791D9A-D7E5-46A7-B6DF-40E0B6C33226}.Debug|Any CPU.Build.0 = Debug|Any CPU
		{DD791D9A-D7E5-46A7-B6DF-40E0B6C33226}.Release|Any CPU.ActiveCfg = Release|Any CPU
		{DD791D9A-D7E5-46A7-B6DF-40E0B6C33226}.Release|Any CPU.Build.0 = Release|Any CPU
		{26A3E172-0908-41F6-BC6A-1DB0E840BFE0}.Debug|Any CPU.ActiveCfg = Debug|Any CPU
		{26A3E172-0908-41F6-BC6A-1DB0E840BFE0}.Debug|Any CPU.Build.0 = Debug|Any CPU
		{26A3E172-0908-41F6-BC6A-1DB0E840BFE0}.Release|Any CPU.ActiveCfg = Release|Any CPU
		{26A3E172-0908-41F6-BC6A-1DB0E840BFE0}.Release|Any CPU.Build.0 = Release|Any CPU
		{AED313CD-68D9-449A-B68E-C1BBBC9F9959}.Debug|Any CPU.ActiveCfg = Debug|Any CPU
		{AED313CD-68D9-449A-B68E-C1BBBC9F9959}.Debug|Any CPU.Build.0 = Debug|Any CPU
		{AED313CD-68D9-449A-B68E-C1BBBC9F9959}.Release|Any CPU.ActiveCfg = Release|Any CPU
		{AED313CD-68D9-449A-B68E-C1BBBC9F9959}.Release|Any CPU.Build.0 = Release|Any CPU
		{147C220F-6DA9-4E35-8944-364A9B5D99C4}.Debug|Any CPU.ActiveCfg = Debug|Any CPU
		{147C220F-6DA9-4E35-8944-364A9B5D99C4}.Debug|Any CPU.Build.0 = Debug|Any CPU
		{147C220F-6DA9-4E35-8944-364A9B5D99C4}.Release|Any CPU.ActiveCfg = Release|Any CPU
		{147C220F-6DA9-4E35-8944-364A9B5D99C4}.Release|Any CPU.Build.0 = Release|Any CPU
		{0A09FFA1-DE14-4BF6-953D-FF9E50E87F27}.Debug|Any CPU.ActiveCfg = Debug|Any CPU
		{0A09FFA1-DE14-4BF6-953D-FF9E50E87F27}.Debug|Any CPU.Build.0 = Debug|Any CPU
		{0A09FFA1-DE14-4BF6-953D-FF9E50E87F27}.Release|Any CPU.ActiveCfg = Release|Any CPU
		{0A09FFA1-DE14-4BF6-953D-FF9E50E87F27}.Release|Any CPU.Build.0 = Release|Any CPU
	EndGlobalSection
	GlobalSection(SolutionProperties) = preSolution
		HideSolutionNode = FALSE
	EndGlobalSection
	GlobalSection(NestedProjects) = preSolution
		{01474A5F-76D5-46F2-8C57-D4B538BD1EF6} = {365E0B42-8039-4FC0-9027-2E7D076E6BBB}
	EndGlobalSection
EndGlobal
